// !$*UTF8*$!
{
	archiveVersion = 1;
	classes = {
	};
	objectVersion = 50;
	objects = {

/* Begin PBXBuildFile section */
		0FCCB23E205C36F700F1979B /* AppDelegate.m in Sources */ = {isa = PBXBuildFile; fileRef = 0FCCB23D205C36F700F1979B /* AppDelegate.m */; };
		0FCCB241205C36F700F1979B /* ViewController.m in Sources */ = {isa = PBXBuildFile; fileRef = 0FCCB240205C36F700F1979B /* ViewController.m */; };
		0FCCB244205C36F700F1979B /* Main.storyboard in Resources */ = {isa = PBXBuildFile; fileRef = 0FCCB242205C36F700F1979B /* Main.storyboard */; };
		0FCCB246205C36F800F1979B /* Assets.xcassets in Resources */ = {isa = PBXBuildFile; fileRef = 0FCCB245205C36F800F1979B /* Assets.xcassets */; };
		0FCCB249205C36F800F1979B /* LaunchScreen.storyboard in Resources */ = {isa = PBXBuildFile; fileRef = 0FCCB247205C36F800F1979B /* LaunchScreen.storyboard */; };
		0FCCB24C205C36F800F1979B /* main.m in Sources */ = {isa = PBXBuildFile; fileRef = 0FCCB24B205C36F800F1979B /* main.m */; };
/* End PBXBuildFile section */

/* Begin PBXFileReference section */
		0FCCB239205C36F700F1979B /* KMLTest.app */ = {isa = PBXFileReference; explicitFileType = wrapper.application; includeInIndex = 0; path = KMLTest.app; sourceTree = BUILT_PRODUCTS_DIR; };
		0FCCB23C205C36F700F1979B /* AppDelegate.h */ = {isa = PBXFileReference; lastKnownFileType = sourcecode.c.h; path = AppDelegate.h; sourceTree = "<group>"; };
		0FCCB23D205C36F700F1979B /* AppDelegate.m */ = {isa = PBXFileReference; lastKnownFileType = sourcecode.c.objc; path = AppDelegate.m; sourceTree = "<group>"; };
		0FCCB23F205C36F700F1979B /* ViewController.h */ = {isa = PBXFileReference; lastKnownFileType = sourcecode.c.h; path = ViewController.h; sourceTree = "<group>"; };
		0FCCB240205C36F700F1979B /* ViewController.m */ = {isa = PBXFileReference; lastKnownFileType = sourcecode.c.objc; path = ViewController.m; sourceTree = "<group>"; };
		0FCCB243205C36F700F1979B /* Base */ = {isa = PBXFileReference; lastKnownFileType = file.storyboard; name = Base; path = Base.lproj/Main.storyboard; sourceTree = "<group>"; };
		0FCCB245205C36F800F1979B /* Assets.xcassets */ = {isa = PBXFileReference; lastKnownFileType = folder.assetcatalog; path = Assets.xcassets; sourceTree = "<group>"; };
		0FCCB248205C36F800F1979B /* Base */ = {isa = PBXFileReference; lastKnownFileType = file.storyboard; name = Base; path = Base.lproj/LaunchScreen.storyboard; sourceTree = "<group>"; };
		0FCCB24A205C36F800F1979B /* Info.plist */ = {isa = PBXFileReference; lastKnownFileType = text.plist.xml; path = Info.plist; sourceTree = "<group>"; };
		0FCCB24B205C36F800F1979B /* main.m */ = {isa = PBXFileReference; lastKnownFileType = sourcecode.c.objc; path = main.m; sourceTree = "<group>"; };
/* End PBXFileReference section */

/* Begin PBXFrameworksBuildPhase section */
		0FCCB236205C36F700F1979B /* Frameworks */ = {
			isa = PBXFrameworksBuildPhase;
			buildActionMask = 2147483647;
			files = (
			);
			runOnlyForDeploymentPostprocessing = 0;
		};
/* End PBXFrameworksBuildPhase section */

/* Begin PBXGroup section */
		0FCCB230205C36F700F1979B = {
			isa = PBXGroup;
			children = (
				0FCCB23B205C36F700F1979B /* KMLTest */,
				0FCCB23A205C36F700F1979B /* Products */,
			);
			sourceTree = "<group>";
		};
		0FCCB23A205C36F700F1979B /* Products */ = {
			isa = PBXGroup;
			children = (
				0FCCB239205C36F700F1979B /* KMLTest.app */,
			);
			name = Products;
			sourceTree = "<group>";
		};
		0FCCB23B205C36F700F1979B /* KMLTest */ = {
			isa = PBXGroup;
			children = (
				0FCCB23C205C36F700F1979B /* AppDelegate.h */,
				0FCCB23D205C36F700F1979B /* AppDelegate.m */,
				0FCCB23F205C36F700F1979B /* ViewController.h */,
				0FCCB240205C36F700F1979B /* ViewController.m */,
				0FCCB242205C36F700F1979B /* Main.storyboard */,
				0FCCB245205C36F800F1979B /* Assets.xcassets */,
				0FCCB247205C36F800F1979B /* LaunchScreen.storyboard */,
				0FCCB24A205C36F800F1979B /* Info.plist */,
				0FCCB24B205C36F800F1979B /* main.m */,
			);
			path = KMLTest;
			sourceTree = "<group>";
		};
/* End PBXGroup section */

/* Begin PBXNativeTarget section */
		0FCCB238205C36F700F1979B /* KMLTest */ = {
			isa = PBXNativeTarget;
			buildConfigurationList = 0FCCB24F205C36F800F1979B /* Build configuration list for PBXNativeTarget "KMLTest" */;
			buildPhases = (
				0FCCB235205C36F700F1979B /* Sources */,
				0FCCB236205C36F700F1979B /* Frameworks */,
				0FCCB237205C36F700F1979B /* Resources */,
			);
			buildRules = (
			);
			dependencies = (
			);
			name = KMLTest;
			productName = KMLTest;
			productReference = 0FCCB239205C36F700F1979B /* KMLTest.app */;
			productType = "com.apple.product-type.application";
		};
/* End PBXNativeTarget section */

/* Begin PBXProject section */
		0FCCB231205C36F700F1979B /* Project object */ = {
			isa = PBXProject;
			attributes = {
				LastUpgradeCheck = 0930;
				ORGANIZATIONNAME = "Hoang Tuan Anh";
				TargetAttributes = {
					0FCCB238205C36F700F1979B = {
						CreatedOnToolsVersion = 9.3;
					};
				};
			};
			buildConfigurationList = 0FCCB234205C36F700F1979B /* Build configuration list for PBXProject "KMLTest" */;
			compatibilityVersion = "Xcode 9.3";
			developmentRegion = en;
			hasScannedForEncodings = 0;
			knownRegions = (
				en,
				Base,
			);
			mainGroup = 0FCCB230205C36F700F1979B;
			productRefGroup = 0FCCB23A205C36F700F1979B /* Products */;
			projectDirPath = "";
			projectRoot = "";
			targets = (
				0FCCB238205C36F700F1979B /* KMLTest */,
			);
		};
/* End PBXProject section */

/* Begin PBXResourcesBuildPhase section */
		0FCCB237205C36F700F1979B /* Resources */ = {
			isa = PBXResourcesBuildPhase;
			buildActionMask = 2147483647;
			files = (
				0FCCB249205C36F800F1979B /* LaunchScreen.storyboard in Resources */,
				0FCCB246205C36F800F1979B /* Assets.xcassets in Resources */,
				0FCCB244205C36F700F1979B /* Main.storyboard in Resources */,
			);
			runOnlyForDeploymentPostprocessing = 0;
		};
/* End PBXResourcesBuildPhase section */

/* Begin PBXSourcesBuildPhase section */
		0FCCB235205C36F700F1979B /* Sources */ = {
			isa = PBXSourcesBuildPhase;
			buildActionMask = 2147483647;
			files = (
				0FCCB241205C36F700F1979B /* ViewController.m in Sources */,
				0FCCB24C205C36F800F1979B /* main.m in Sources */,
				0FCCB23E205C36F700F1979B /* AppDelegate.m in Sources */,
			);
			runOnlyForDeploymentPostprocessing = 0;
		};
/* End PBXSourcesBuildPhase section */

/* Begin PBXVariantGroup section */
		0FCCB242205C36F700F1979B /* Main.storyboard */ = {
			isa = PBXVariantGroup;
			children = (
				0FCCB243205C36F700F1979B /* Base */,
			);
			name = Main.storyboard;
			sourceTree = "<group>";
		};
		0FCCB247205C36F800F1979B /* LaunchScreen.storyboard */ = {
			isa = PBXVariantGroup;
			children = (
				0FCCB248205C36F800F1979B /* Base */,
			);
			name = LaunchScreen.storyboard;
			sourceTree = "<group>";
		};
/* End PBXVariantGroup section */

/* Begin XCBuildConfiguration section */
		0FCCB24D205C36F800F1979B /* Debug */ = {
			isa = XCBuildConfiguration;
			buildSettings = {
				ALWAYS_SEARCH_USER_PATHS = NO;
				CLANG_ANALYZER_NONNULL = YES;
				CLANG_ANALYZER_NUMBER_OBJECT_CONVERSION = YES_AGGRESSIVE;
				CLANG_CXX_LANGUAGE_STANDARD = "gnu++14";
				CLANG_CXX_LIBRARY = "libc++";
				CLANG_ENABLE_MODULES = YES;
				CLANG_ENABLE_OBJC_ARC = YES;
				CLANG_ENABLE_OBJC_WEAK = YES;
				CLANG_WARN_BLOCK_CAPTURE_AUTORELEASING = YES;
				CLANG_WARN_BOOL_CONVERSION = YES;
				CLANG_WARN_COMMA = YES;
				CLANG_WARN_CONSTANT_CONVERSION = YES;
				CLANG_WARN_DEPRECATED_OBJC_IMPLEMENTATIONS = YES;
				CLANG_WARN_DIRECT_OBJC_ISA_USAGE = YES_ERROR;
				CLANG_WARN_DOCUMENTATION_COMMENTS = YES;
				CLANG_WARN_EMPTY_BODY = YES;
				CLANG_WARN_ENUM_CONVERSION = YES;
				CLANG_WARN_INFINITE_RECURSION = YES;
				CLANG_WARN_INT_CONVERSION = YES;
				CLANG_WARN_NON_LITERAL_NULL_CONVERSION = YES;
				CLANG_WARN_OBJC_IMPLICIT_RETAIN_SELF = YES;
				CLANG_WARN_OBJC_LITERAL_CONVERSION = YES;
				CLANG_WARN_OBJC_ROOT_CLASS = YES_ERROR;
				CLANG_WARN_RANGE_LOOP_ANALYSIS = YES;
				CLANG_WARN_STRICT_PROTOTYPES = YES;
				CLANG_WARN_SUSPICIOUS_MOVE = YES;
				CLANG_WARN_UNGUARDED_AVAILABILITY = YES_AGGRESSIVE;
				CLANG_WARN_UNREACHABLE_CODE = YES;
				CLANG_WARN__DUPLICATE_METHOD_MATCH = YES;
				CODE_SIGN_IDENTITY = "iPhone Developer";
				COPY_PHASE_STRIP = NO;
				DEBUG_INFORMATION_FORMAT = dwarf;
				ENABLE_STRICT_OBJC_MSGSEND = YES;
				ENABLE_TESTABILITY = YES;
				GCC_C_LANGUAGE_STANDARD = gnu11;
				GCC_DYNAMIC_NO_PIC = NO;
				GCC_NO_COMMON_BLOCKS = YES;
				GCC_OPTIMIZATION_LEVEL = 0;
				GCC_PREPROCESSOR_DEFINITIONS = (
					"DEBUG=1",
					"$(inherited)",
				);
				GCC_WARN_64_TO_32_BIT_CONVERSION = YES;
				GCC_WARN_ABOUT_RETURN_TYPE = YES_ERROR;
				GCC_WARN_UNDECLARED_SELECTOR = YES;
				GCC_WARN_UNINITIALIZED_AUTOS = YES_AGGRESSIVE;
				GCC_WARN_UNUSED_FUNCTION = YES;
				GCC_WARN_UNUSED_VARIABLE = YES;
				IPHONEOS_DEPLOYMENT_TARGET = 11.3;
				MTL_ENABLE_DEBUG_INFO = YES;
				ONLY_ACTIVE_ARCH = YES;
				SDKROOT = iphoneos;
			};
			name = Debug;
		};
		0FCCB24E205C36F800F1979B /* Release */ = {
			isa = XCBuildConfiguration;
			buildSettings = {
				ALWAYS_SEARCH_USER_PATHS = NO;
				CLANG_ANALYZER_NONNULL = YES;
				CLANG_ANALYZER_NUMBER_OBJECT_CONVERSION = YES_AGGRESSIVE;
				CLANG_CXX_LANGUAGE_STANDARD = "gnu++14";
				CLANG_CXX_LIBRARY = "libc++";
				CLANG_ENABLE_MODULES = YES;
				CLANG_ENABLE_OBJC_ARC = YES;
				CLANG_ENABLE_OBJC_WEAK = YES;
				CLANG_WARN_BLOCK_CAPTURE_AUTORELEASING = YES;
				CLANG_WARN_BOOL_CONVERSION = YES;
				CLANG_WARN_COMMA = YES;
				CLANG_WARN_CONSTANT_CONVERSION = YES;
				CLANG_WARN_DEPRECATED_OBJC_IMPLEMENTATIONS = YES;
				CLANG_WARN_DIRECT_OBJC_ISA_USAGE = YES_ERROR;
				CLANG_WARN_DOCUMENTATION_COMMENTS = YES;
				CLANG_WARN_EMPTY_BODY = YES;
				CLANG_WARN_ENUM_CONVERSION = YES;
				CLANG_WARN_INFINITE_RECURSION = YES;
				CLANG_WARN_INT_CONVERSION = YES;
				CLANG_WARN_NON_LITERAL_NULL_CONVERSION = YES;
				CLANG_WARN_OBJC_IMPLICIT_RETAIN_SELF = YES;
				CLANG_WARN_OBJC_LITERAL_CONVERSION = YES;
				CLANG_WARN_OBJC_ROOT_CLASS = YES_ERROR;
				CLANG_WARN_RANGE_LOOP_ANALYSIS = YES;
				CLANG_WARN_STRICT_PROTOTYPES = YES;
				CLANG_WARN_SUSPICIOUS_MOVE = YES;
				CLANG_WARN_UNGUARDED_AVAILABILITY = YES_AGGRESSIVE;
				CLANG_WARN_UNREACHABLE_CODE = YES;
				CLANG_WARN__DUPLICATE_METHOD_MATCH = YES;
				CODE_SIGN_IDENTITY = "iPhone Developer";
				COPY_PHASE_STRIP = NO;
				DEBUG_INFORMATION_FORMAT = "dwarf-with-dsym";
				ENABLE_NS_ASSERTIONS = NO;
				ENABLE_STRICT_OBJC_MSGSEND = YES;
				GCC_C_LANGUAGE_STANDARD = gnu11;
				GCC_NO_COMMON_BLOCKS = YES;
				GCC_WARN_64_TO_32_BIT_CONVERSION = YES;
				GCC_WARN_ABOUT_RETURN_TYPE = YES_ERROR;
				GCC_WARN_UNDECLARED_SELECTOR = YES;
				GCC_WARN_UNINITIALIZED_AUTOS = YES_AGGRESSIVE;
				GCC_WARN_UNUSED_FUNCTION = YES;
				GCC_WARN_UNUSED_VARIABLE = YES;
				IPHONEOS_DEPLOYMENT_TARGET = 11.3;
				MTL_ENABLE_DEBUG_INFO = NO;
				SDKROOT = iphoneos;
				VALIDATE_PRODUCT = YES;
			};
			name = Release;
		};
		0FCCB250205C36F800F1979B /* Debug */ = {
			isa = XCBuildConfiguration;
			buildSettings = {
				ASSETCATALOG_COMPILER_APPICON_NAME = AppIcon;
				CODE_SIGN_STYLE = Automatic;
				DEVELOPMENT_TEAM = K3H9JPWPRP;
				INFOPLIST_FILE = KMLTest/Info.plist;
				LD_RUNPATH_SEARCH_PATHS = (
					"$(inherited)",
					"@executable_path/Frameworks",
				);
				PRODUCT_BUNDLE_IDENTIFIER = yataome.KMLTest;
				PRODUCT_NAME = "$(TARGET_NAME)";
				TARGETED_DEVICE_FAMILY = "1,2";
			};
			name = Debug;
		};
		0FCCB251205C36F800F1979B /* Release */ = {
			isa = XCBuildConfiguration;
			buildSettings = {
				ASSETCATALOG_COMPILER_APPICON_NAME = AppIcon;
				CODE_SIGN_STYLE = Automatic;
				DEVELOPMENT_TEAM = K3H9JPWPRP;
				INFOPLIST_FILE = KMLTest/Info.plist;
				LD_RUNPATH_SEARCH_PATHS = (
					"$(inherited)",
					"@executable_path/Frameworks",
				);
				PRODUCT_BUNDLE_IDENTIFIER = yataome.KMLTest;
				PRODUCT_NAME = "$(TARGET_NAME)";
				TARGETED_DEVICE_FAMILY = "1,2";
			};
			name = Release;
		};
/* End XCBuildConfiguration section */

/* Begin XCConfigurationList section */
		0FCCB234205C36F700F1979B /* Build configuration list for PBXProject "KMLTest" */ = {
			isa = XCConfigurationList;
			buildConfigurations = (
				0FCCB24D205C36F800F1979B /* Debug */,
				0FCCB24E205C36F800F1979B /* Release */,
			);
			defaultConfigurationIsVisible = 0;
			defaultConfigurationName = Release;
		};
		0FCCB24F205C36F800F1979B /* Build configuration list for PBXNativeTarget "KMLTest" */ = {
			isa = XCConfigurationList;
			buildConfigurations = (
				0FCCB250205C36F800F1979B /* Debug */,
				0FCCB251205C36F800F1979B /* Release */,
			);
			defaultConfigurationIsVisible = 0;
			defaultConfigurationName = Release;
		};
/* End XCConfigurationList section */
	};
	rootObject = 0FCCB231205C36F700F1979B /* Project object */;
}
